%{"amqp": {:hex, :amqp, "0.1.4", "5d9112c3a850234559073c23fda173364dfd11d8ce8d0138cd46f653fdc55f08", [:mix], [{:amqp_client, ">= 3.5.6", [hex: :amqp_client, optional: false]}]},
  "amqp_client": {:hex, :amqp_client, "3.5.6", "ed7e63122f32af1d503d134e6c1b088a0627e89c6b5c77b92984c841cb0939be", [:rebar], [{:rabbit_common, "3.5.6", [hex: :rabbit_common, optional: false]}]},
  "ashes": {:hex, :ashes, "0.0.3"},
  "bunt": {:hex, :bunt, "0.1.4", "a1d555a2f50d5f402a579ca08cfdc8afe15d85494bd729c9b3a46ac7266d0081", [:mix], []},
  "certifi": {:hex, :certifi, "0.3.0", "389d4b126a47895fe96d65fcf8681f4d09eca1153dc2243ed6babad0aac1e763", [:rebar3], []},
  "connection": {:hex, :connection, "1.0.3", "3145f7416be3df248a4935f24e3221dc467c1e3a158d62015b35bd54da365786", [:mix], []},
  "corsica": {:hex, :corsica, "0.4.1", "0cfc70e0c7dfaa0c69617421e7e3043e1106810e7e9afb076337727a03a74a03", [:mix], [{:plug, ">= 0.9.0", [hex: :plug, optional: false]}, {:cowboy, ">= 1.0.0", [hex: :cowboy, optional: false]}]},
  "coverex": {:hex, :coverex, "1.4.8", "d8d1ec3c3f527b3b94c6b38251d495e4df965bcc3c368a7e572ec27f8c79beee", [:mix], [{:poison, "~> 1.5", [hex: :poison, optional: false]}, {:httpoison, "~> 0.8", [hex: :httpoison, optional: false]}]},
  "cowboy": {:hex, :cowboy, "1.0.4", "a324a8df9f2316c833a470d918aaf73ae894278b8aa6226ce7a9bf699388f878", [:rebar, :make], [{:cowlib, "~> 1.0.0", [hex: :cowlib, optional: false]}, {:ranch, "~> 1.0", [hex: :ranch, optional: false]}]},
  "cowlib": {:hex, :cowlib, "1.0.2", "9d769a1d062c9c3ac753096f868ca121e2730b9a377de23dec0f7e08b1df84ee", [:make], []},
  "credo": {:hex, :credo, "0.2.5", "135ad8097787df044dd006c21653ed3f886c378f8d2fed8be46593ca30182bfc", [:mix], [{:bunt, "~> 0.1.4", [hex: :bunt, optional: false]}]},
  "db_connection": {:hex, :db_connection, "0.2.4", "b49451dacf03005cd4163f85d77b6666b14378369a6d432810b854ede0e594fe", [:mix], [{:sbroker, "~> 0.7", [hex: :sbroker, optional: true]}, {:poolboy, "~> 1.5", [hex: :poolboy, optional: true]}, {:connection, "~> 1.0.2", [hex: :connection, optional: false]}]},
  "decimal": {:hex, :decimal, "1.1.1", "a8ff5b673105e6cdaca96f799aeefc6f07142881b616c65db16e14e556b16e76", [:mix], []},
  "ecto": {:hex, :ecto, "1.1.5", "5c181b737a650117466b0540aa323198a0fb9d518e52718ac2c299f4047187e1", [:mix], [{:sbroker, "~> 0.7", [hex: :sbroker, optional: true]}, {:postgrex, "~> 0.11.0", [hex: :postgrex, optional: true]}, {:poolboy, "~> 1.4", [hex: :poolboy, optional: false]}, {:poison, "~> 1.0", [hex: :poison, optional: true]}, {:mariaex, "~> 0.5.0 or ~> 0.6.0", [hex: :mariaex, optional: true]}, {:decimal, "~> 1.0", [hex: :decimal, optional: false]}]},
  "ex_machina": {:git, "https://github.com/thoughtbot/ex_machina.git", "08ed540f1dd6960ac89f0eec58a4c89576a50f35", []},
  "exec": {:git, "https://github.com/saleyn/erlexec.git", "f069a713b6a14d2b1093b4c2449743be0c2c7e62", []},
  "exjsx": {:hex, :exjsx, "3.2.0"},
  "hackney": {:hex, :hackney, "1.4.6", "dcef5aa50e01d41379b410f02b51c1b2a9072b1cf24b85774bb2bc721455964f", [:rebar3], [{:ssl_verify_hostname, "1.0.5", [hex: :ssl_verify_hostname, optional: false]}, {:mimerl, "1.0.0", [hex: :mimerl, optional: false]}, {:idna, "1.0.2", [hex: :idna, optional: false]}, {:certifi, "0.3.0", [hex: :certifi, optional: false]}]},
  "httpoison": {:hex, :httpoison, "0.8.0", "52a958d40b2aa46da418cdf6d8dfd82ba83e94d5e60920dfa5f40c05b34fe073", [:mix], [{:hackney, "~> 1.4.4", [hex: :hackney, optional: false]}]},
  "idna": {:hex, :idna, "1.0.2", "397e3d001c002319da75759b0a81156bf11849c71d565162436d50020cb7265e", [:make], []},
  "inflex": {:hex, :inflex, "1.5.0", "e4ff5d900280b2011b24d1ac1c4590986ee5add2ea644c9894e72213cf93ff0b", [:mix], []},
  "ja_serializer": {:git, "https://github.com/AgilionApps/ja_serializers.git", "dde21047df7284aec18725154027abfc3b24f6f7", []},
  "jsx": {:hex, :jsx, "2.6.2"},
  "mime": {:hex, :mime, "1.0.0", "b63027733bba00b1013bad14e25dc8b6629ecb817731544a88a0fd14f2a55685", [:mix], []},
  "mimerl": {:hex, :mimerl, "1.0.0", "b9813e0fa1019420da8c8001748d7c34791fd49464cb28762bc22638b1ff6198", [:rebar3], []},
  "phoenix": {:hex, :phoenix, "1.2.0-rc.1", "08fdf0f290ef2fb76127f2cf63dfd59a501b19f91d51098f62b53fff991a27e6", [:mix], [{:poison, "~> 1.5 or ~> 2.0", [hex: :poison, optional: false]}, {:plug, "~> 1.0", [hex: :plug, optional: false]}, {:phoenix_pubsub, "~> 1.0.0-rc", [hex: :phoenix_pubsub, optional: false]}, {:mime, "~> 1.0", [hex: :mime, optional: false]}, {:cowboy, "~> 1.0", [hex: :cowboy, optional: true]}]},
  "phoenix_ecto": {:hex, :phoenix_ecto, "2.0.1", "24532a443b1686150fd14819a4a366eccf41135da2a2ed6ae2f78597828ecb0a", [:mix], [{:poison, "~> 1.3", [hex: :poison, optional: true]}, {:phoenix_html, "~> 2.2", [hex: :phoenix_html, optional: true]}, {:ecto, "~> 1.1.2", [hex: :ecto, optional: false]}]},
  "phoenix_pubsub": {:hex, :phoenix_pubsub, "1.0.0-rc.0", "5c9453f9c7c8e4982ba48f408e4cec973ffb312bbe0da5fbe47899b9c91c48c0", [:mix], []},
  "plug": {:hex, :plug, "1.1.5", "de5645c18170415a72b18cc3d215c05321ddecac27a15acb923742156e98278b", [:mix], [{:cowboy, "~> 1.0", [hex: :cowboy, optional: true]}]},
  "poison": {:hex, :poison, "1.5.2", "560bdfb7449e3ddd23a096929fb9fc2122f709bcc758b2d5d5a5c7d0ea848910", [:mix], []},
  "poolboy": {:hex, :poolboy, "1.5.1", "6b46163901cfd0a1b43d692657ed9d7e599853b3b21b95ae5ae0a777cf9b6ca8", [:rebar], []},
  "postgrex": {:hex, :postgrex, "0.11.1", "f48af70c0a58b9bfd1aaa456ec4273624554cfb837726b6a7f0701da4a94b2dd", [:mix], [{:decimal, "~> 1.0", [hex: :decimal, optional: false]}, {:db_connection, "~> 0.2", [hex: :db_connection, optional: false]}, {:connection, "~> 1.0", [hex: :connection, optional: false]}]},
  "rabbit_common": {:hex, :rabbit_common, "3.5.6", "ad541be86f08cdb1c04320eb4353ad30f25555569c95cc062af28cf79b74d085", [:rebar], []},
  "ranch": {:hex, :ranch, "1.2.1", "a6fb992c10f2187b46ffd17ce398ddf8a54f691b81768f9ef5f461ea7e28c762", [:make], []},
  "ssl_verify_hostname": {:hex, :ssl_verify_hostname, "1.0.5", "2e73e068cd6393526f9fa6d399353d7c9477d6886ba005f323b592d389fb47be", [:make], []},
  "timex": {:hex, :timex, "0.13.5"},
  "uuid": {:hex, :uuid, "1.1.2", "add3d0a6324ac2e3974855822ddf1cd4e270d8c136a75bcb71332bd4956b0563", [:mix], []},
  "yamerl": {:git, "https://github.com/yakaz/yamerl.git", "ae810a808817d9482b4628ae3e20d746e3729fe0", []},
  "yaml_elixir": {:hex, :yaml_elixir, "1.0.0", "a0b703148aa8926a08fc14619c83e9cdf7555ff7e8bb9e74c08aa716eaf8c609", [:mix], []}}
